
Microsoft Visual Studio Solution File, Format Version 12.00
# Visual Studio Version 17
VisualStudioVersion = 17.7.34031.279
MinimumVisualStudioVersion = 10.0.40219.1
Project("{FAE04EC0-301F-11D3-BF4B-00C04F79EFBC}") = "NewBallGame_WinForms", "NewBallGame_WinForms\NewBallGame_WinForms.csproj", "{80DAC3AA-3024-43EC-81E8-F229BA8DC2B3}"
EndProject
Global
	GlobalSection(SolutionConfigurationPlatforms) = preSolution
		Debug|Any CPU = Debug|Any CPU
		Release|Any CPU = Release|Any CPU
	EndGlobalSection
	GlobalSection(ProjectConfigurationPlatforms) = postSolution
		{80DAC3AA-3024-43EC-81E8-F229BA8DC2B3}.Debug|Any CPU.ActiveCfg = Debug|Any CPU
		{80DAC3AA-3024-43EC-81E8-F229BA8DC2B3}.Debug|Any CPU.Build.0 = Debug|Any CPU
		{80DAC3AA-3024-43EC-81E8-F229BA8DC2B3}.Release|Any CPU.ActiveCfg = Release|Any CPU
		{80DAC3AA-3024-43EC-81E8-F229BA8DC2B3}.Release|Any CPU.Build.0 = Release|Any CPU
	EndGlobalSection
	GlobalSection(SolutionProperties) = preSolution
		HideSolutionNode = FALSE
	EndGlobalSection
	GlobalSection(ExtensibilityGlobals) = postSolution
		SolutionGuid = {E78AB02A-E24C-499B-9AE3-71E0817A4F1C}
	EndGlobalSection
EndGlobal
